
Microsoft Visual Studio Solution File, Format Version 9.00
# Visual Studio 2005
Project("{FAE04EC0-301F-11D3-BF4B-00C04F79EFBC}") = "FreeMiCal", "FreeMiCal\FreeMiCal.csproj", "{7E1F7027-BEE3-4EB7-ADC7-3E81E395B63B}"
EndProject
Project("{FAE04EC0-301F-11D3-BF4B-00C04F79EFBC}") = "fMiCal", "fMiCal\fMiCal.csproj", "{B374BFD1-776F-40AA-8A11-3794C4138EB1}"
EndProject
Global
	GlobalSection(SolutionConfigurationPlatforms) = preSolution
		Debug|Any CPU = Debug|Any CPU
		Release|Any CPU = Release|Any CPU
	EndGlobalSection
	GlobalSection(ProjectConfigurationPlatforms) = postSolution
		{7E1F7027-BEE3-4EB7-ADC7-3E81E395B63B}.Debug|Any CPU.ActiveCfg = Debug|Any CPU
		{7E1F7027-BEE3-4EB7-ADC7-3E81E395B63B}.Debug|Any CPU.Build.0 = Debug|Any CPU
		{7E1F7027-BEE3-4EB7-ADC7-3E81E395B63B}.Release|Any CPU.ActiveCfg = Release|Any CPU
		{7E1F7027-BEE3-4EB7-ADC7-3E81E395B63B}.Release|Any CPU.Build.0 = Release|Any CPU
		{B374BFD1-776F-40AA-8A11-3794C4138EB1}.Debug|Any CPU.ActiveCfg = Debug|Any CPU
		{B374BFD1-776F-40AA-8A11-3794C4138EB1}.Debug|Any CPU.Build.0 = Debug|Any CPU
		{B374BFD1-776F-40AA-8A11-3794C4138EB1}.Release|Any CPU.ActiveCfg = Release|Any CPU
		{B374BFD1-776F-40AA-8A11-3794C4138EB1}.Release|Any CPU.Build.0 = Release|Any CPU
	EndGlobalSection
	GlobalSection(SolutionProperties) = preSolution
		HideSolutionNode = FALSE
	EndGlobalSection
EndGlobal
